
Microsoft Visual Studio Solution File, Format Version 12.00
# Visual Studio Version 17
VisualStudioVersion = 17.0.31903.59
MinimumVisualStudioVersion = 10.0.40219.1
Project("{FAE04EC0-301F-11D3-BF4B-00C04F79EFBC}") = "Domain", "Domain\Domain.csproj", "{9FFA9738-8B4D-4108-B99C-6785630EA039}"
EndProject
Project("{FAE04EC0-301F-11D3-BF4B-00C04F79EFBC}") = "Infrastructure", "Infrastructure\Infrastructure.csproj", "{D7D31BE0-5032-475A-AFE8-091E24F67B13}"
EndProject
Project("{FAE04EC0-301F-11D3-BF4B-00C04F79EFBC}") = "WebApi", "WebApi\WebApi.csproj", "{85093480-DA5B-4713-A2A6-E44A7F3EEC27}"
EndProject
Global
	GlobalSection(SolutionConfigurationPlatforms) = preSolution
		Debug|Any CPU = Debug|Any CPU
		Debug|x64 = Debug|x64
		Debug|x86 = Debug|x86
		Release|Any CPU = Release|Any CPU
		Release|x64 = Release|x64
		Release|x86 = Release|x86
	EndGlobalSection
	GlobalSection(ProjectConfigurationPlatforms) = postSolution
		{9FFA9738-8B4D-4108-B99C-6785630EA039}.Debug|Any CPU.ActiveCfg = Debug|Any CPU
		{9FFA9738-8B4D-4108-B99C-6785630EA039}.Debug|Any CPU.Build.0 = Debug|Any CPU
		{9FFA9738-8B4D-4108-B99C-6785630EA039}.Debug|x64.ActiveCfg = Debug|Any CPU
		{9FFA9738-8B4D-4108-B99C-6785630EA039}.Debug|x64.Build.0 = Debug|Any CPU
		{9FFA9738-8B4D-4108-B99C-6785630EA039}.Debug|x86.ActiveCfg = Debug|Any CPU
		{9FFA9738-8B4D-4108-B99C-6785630EA039}.Debug|x86.Build.0 = Debug|Any CPU
		{9FFA9738-8B4D-4108-B99C-6785630EA039}.Release|Any CPU.ActiveCfg = Release|Any CPU
		{9FFA9738-8B4D-4108-B99C-6785630EA039}.Release|Any CPU.Build.0 = Release|Any CPU
		{9FFA9738-8B4D-4108-B99C-6785630EA039}.Release|x64.ActiveCfg = Release|Any CPU
		{9FFA9738-8B4D-4108-B99C-6785630EA039}.Release|x64.Build.0 = Release|Any CPU
		{9FFA9738-8B4D-4108-B99C-6785630EA039}.Release|x86.ActiveCfg = Release|Any CPU
		{9FFA9738-8B4D-4108-B99C-6785630EA039}.Release|x86.Build.0 = Release|Any CPU
		{D7D31BE0-5032-475A-AFE8-091E24F67B13}.Debug|Any CPU.ActiveCfg = Debug|Any CPU
		{D7D31BE0-5032-475A-AFE8-091E24F67B13}.Debug|Any CPU.Build.0 = Debug|Any CPU
		{D7D31BE0-5032-475A-AFE8-091E24F67B13}.Debug|x64.ActiveCfg = Debug|Any CPU
		{D7D31BE0-5032-475A-AFE8-091E24F67B13}.Debug|x64.Build.0 = Debug|Any CPU
		{D7D31BE0-5032-475A-AFE8-091E24F67B13}.Debug|x86.ActiveCfg = Debug|Any CPU
		{D7D31BE0-5032-475A-AFE8-091E24F67B13}.Debug|x86.Build.0 = Debug|Any CPU
		{D7D31BE0-5032-475A-AFE8-091E24F67B13}.Release|Any CPU.ActiveCfg = Release|Any CPU
		{D7D31BE0-5032-475A-AFE8-091E24F67B13}.Release|Any CPU.Build.0 = Release|Any CPU
		{D7D31BE0-5032-475A-AFE8-091E24F67B13}.Release|x64.ActiveCfg = Release|Any CPU
		{D7D31BE0-5032-475A-AFE8-091E24F67B13}.Release|x64.Build.0 = Release|Any CPU
		{D7D31BE0-5032-475A-AFE8-091E24F67B13}.Release|x86.ActiveCfg = Release|Any CPU
		{D7D31BE0-5032-475A-AFE8-091E24F67B13}.Release|x86.Build.0 = Release|Any CPU
		{85093480-DA5B-4713-A2A6-E44A7F3EEC27}.Debug|Any CPU.ActiveCfg = Debug|Any CPU
		{85093480-DA5B-4713-A2A6-E44A7F3EEC27}.Debug|Any CPU.Build.0 = Debug|Any CPU
		{85093480-DA5B-4713-A2A6-E44A7F3EEC27}.Debug|x64.ActiveCfg = Debug|Any CPU
		{85093480-DA5B-4713-A2A6-E44A7F3EEC27}.Debug|x64.Build.0 = Debug|Any CPU
		{85093480-DA5B-4713-A2A6-E44A7F3EEC27}.Debug|x86.ActiveCfg = Debug|Any CPU
		{85093480-DA5B-4713-A2A6-E44A7F3EEC27}.Debug|x86.Build.0 = Debug|Any CPU
		{85093480-DA5B-4713-A2A6-E44A7F3EEC27}.Release|Any CPU.ActiveCfg = Release|Any CPU
		{85093480-DA5B-4713-A2A6-E44A7F3EEC27}.Release|Any CPU.Build.0 = Release|Any CPU
		{85093480-DA5B-4713-A2A6-E44A7F3EEC27}.Release|x64.ActiveCfg = Release|Any CPU
		{85093480-DA5B-4713-A2A6-E44A7F3EEC27}.Release|x64.Build.0 = Release|Any CPU
		{85093480-DA5B-4713-A2A6-E44A7F3EEC27}.Release|x86.ActiveCfg = Release|Any CPU
		{85093480-DA5B-4713-A2A6-E44A7F3EEC27}.Release|x86.Build.0 = Release|Any CPU
	EndGlobalSection
	GlobalSection(SolutionProperties) = preSolution
		HideSolutionNode = FALSE
	EndGlobalSection
EndGlobal
